// !$*UTF8*$!
{
	archiveVersion = 1;
	classes = {
	};
	objectVersion = 46;
	objects = {

/* Begin PBXBuildFile section */
		B71D52A018CF0C2200C9C64A /* Foundation.framework in Frameworks */ = {isa = PBXBuildFile; fileRef = B71D529F18CF0C2200C9C64A /* Foundation.framework */; };
		B71D52A218CF0C2200C9C64A /* CoreGraphics.framework in Frameworks */ = {isa = PBXBuildFile; fileRef = B71D52A118CF0C2200C9C64A /* CoreGraphics.framework */; };
		B71D52A418CF0C2200C9C64A /* UIKit.framework in Frameworks */ = {isa = PBXBuildFile; fileRef = B71D52A318CF0C2200C9C64A /* UIKit.framework */; };
		B71D52AA18CF0C2200C9C64A /* InfoPlist.strings in Resources */ = {isa = PBXBuildFile; fileRef = B71D52A818CF0C2200C9C64A /* InfoPlist.strings */; };
		B71D52AC18CF0C2200C9C64A /* main.m in Sources */ = {isa = PBXBuildFile; fileRef = B71D52AB18CF0C2200C9C64A /* main.m */; };
		B71D52B018CF0C2200C9C64A /* ReaderAppDelegate.m in Sources */ = {isa = PBXBuildFile; fileRef = B71D52AF18CF0C2200C9C64A /* ReaderAppDelegate.m */; };
		B71D52BB18CF0C2200C9C64A /* Images.xcassets in Resources */ = {isa = PBXBuildFile; fileRef = B71D52BA18CF0C2200C9C64A /* Images.xcassets */; };
		B71D52C218CF0C2200C9C64A /* XCTest.framework in Frameworks */ = {isa = PBXBuildFile; fileRef = B71D52C118CF0C2200C9C64A /* XCTest.framework */; };
		B71D52C318CF0C2200C9C64A /* Foundation.framework in Frameworks */ = {isa = PBXBuildFile; fileRef = B71D529F18CF0C2200C9C64A /* Foundation.framework */; };
		B71D52C418CF0C2200C9C64A /* UIKit.framework in Frameworks */ = {isa = PBXBuildFile; fileRef = B71D52A318CF0C2200C9C64A /* UIKit.framework */; };
		B71D52CC18CF0C2200C9C64A /* InfoPlist.strings in Resources */ = {isa = PBXBuildFile; fileRef = B71D52CA18CF0C2200C9C64A /* InfoPlist.strings */; };
		B71D52CE18CF0C2200C9C64A /* PDFReaderTests.m in Sources */ = {isa = PBXBuildFile; fileRef = B71D52CD18CF0C2200C9C64A /* PDFReaderTests.m */; };
		B71D52D818CF0C4600C9C64A /* leaseagreement.pdf in Resources */ = {isa = PBXBuildFile; fileRef = B71D52D718CF0C4600C9C64A /* leaseagreement.pdf */; };
		B78F382818FA801400994529 /* ReaderShadowView.m in Sources */ = {isa = PBXBuildFile; fileRef = B78F382718FA801400994529 /* ReaderShadowView.m */; };
		B78F383C18FC45F300994529 /* Annotation.m in Sources */ = {isa = PBXBuildFile; fileRef = B78F383318FC45F300994529 /* Annotation.m */; };
		B78F383D18FC45F300994529 /* AnnotationStore.m in Sources */ = {isa = PBXBuildFile; fileRef = B78F383518FC45F300994529 /* AnnotationStore.m */; };
		B78F383E18FC45F300994529 /* ReaderAnnotatedPageView.m in Sources */ = {isa = PBXBuildFile; fileRef = B78F383718FC45F300994529 /* ReaderAnnotatedPageView.m */; };
		B78F383F18FC45F300994529 /* ReaderAnnotationView.m in Sources */ = {isa = PBXBuildFile; fileRef = B78F383918FC45F300994529 /* ReaderAnnotationView.m */; };
		B78F384018FC45F300994529 /* ReaderScratchPadView.m in Sources */ = {isa = PBXBuildFile; fileRef = B78F383B18FC45F300994529 /* ReaderScratchPadView.m */; };
		B7CA795F18EAAD6200FADC16 /* ReaderContentTile.m in Sources */ = {isa = PBXBuildFile; fileRef = B7CA795E18EAAD6200FADC16 /* ReaderContentTile.m */; };
		B7CA796218EAADFD00FADC16 /* ReaderPageView.m in Sources */ = {isa = PBXBuildFile; fileRef = B7CA796118EAADFD00FADC16 /* ReaderPageView.m */; };
		B7CA797618EAE83800FADC16 /* ReaderDocument.m in Sources */ = {isa = PBXBuildFile; fileRef = B7CA797518EAE83800FADC16 /* ReaderDocument.m */; };
		B7CA797918EAED0E00FADC16 /* ReaderView.m in Sources */ = {isa = PBXBuildFile; fileRef = B7CA797818EAED0E00FADC16 /* ReaderView.m */; };
		B7CA798418F2AA0D00FADC16 /* ReaderViewController.m in Sources */ = {isa = PBXBuildFile; fileRef = B7CA798318F2AA0D00FADC16 /* ReaderViewController.m */; };
/* End PBXBuildFile section */

/* Begin PBXContainerItemProxy section */
		B71D52C518CF0C2200C9C64A /* PBXContainerItemProxy */ = {
			isa = PBXContainerItemProxy;
			containerPortal = B71D529418CF0C2200C9C64A /* Project object */;
			proxyType = 1;
			remoteGlobalIDString = B71D529B18CF0C2200C9C64A;
			remoteInfo = PDFReader;
		};
/* End PBXContainerItemProxy section */

/* Begin PBXFileReference section */
		B71D529C18CF0C2200C9C64A /* PDFReader.app */ = {isa = PBXFileReference; explicitFileType = wrapper.application; includeInIndex = 0; path = PDFReader.app; sourceTree = BUILT_PRODUCTS_DIR; };
		B71D529F18CF0C2200C9C64A /* Foundation.framework */ = {isa = PBXFileReference; lastKnownFileType = wrapper.framework; name = Foundation.framework; path = System/Library/Frameworks/Foundation.framework; sourceTree = SDKROOT; };
		B71D52A118CF0C2200C9C64A /* CoreGraphics.framework */ = {isa = PBXFileReference; lastKnownFileType = wrapper.framework; name = CoreGraphics.framework; path = System/Library/Frameworks/CoreGraphics.framework; sourceTree = SDKROOT; };
		B71D52A318CF0C2200C9C64A /* UIKit.framework */ = {isa = PBXFileReference; lastKnownFileType = wrapper.framework; name = UIKit.framework; path = System/Library/Frameworks/UIKit.framework; sourceTree = SDKROOT; };
		B71D52A718CF0C2200C9C64A /* PDFReader-Info.plist */ = {isa = PBXFileReference; lastKnownFileType = text.plist.xml; path = "PDFReader-Info.plist"; sourceTree = "<group>"; };
		B71D52A918CF0C2200C9C64A /* en */ = {isa = PBXFileReference; lastKnownFileType = text.plist.strings; name = en; path = en.lproj/InfoPlist.strings; sourceTree = "<group>"; };
		B71D52AB18CF0C2200C9C64A /* main.m */ = {isa = PBXFileReference; lastKnownFileType = sourcecode.c.objc; path = main.m; sourceTree = "<group>"; };
		B71D52AD18CF0C2200C9C64A /* PDFReader-Prefix.pch */ = {isa = PBXFileReference; lastKnownFileType = sourcecode.c.h; path = "PDFReader-Prefix.pch"; sourceTree = "<group>"; };
		B71D52AE18CF0C2200C9C64A /* ReaderAppDelegate.h */ = {isa = PBXFileReference; lastKnownFileType = sourcecode.c.h; path = ReaderAppDelegate.h; sourceTree = "<group>"; };
		B71D52AF18CF0C2200C9C64A /* ReaderAppDelegate.m */ = {isa = PBXFileReference; lastKnownFileType = sourcecode.c.objc; path = ReaderAppDelegate.m; sourceTree = "<group>"; };
		B71D52BA18CF0C2200C9C64A /* Images.xcassets */ = {isa = PBXFileReference; lastKnownFileType = folder.assetcatalog; path = Images.xcassets; sourceTree = "<group>"; };
		B71D52C018CF0C2200C9C64A /* PDFReaderTests.xctest */ = {isa = PBXFileReference; explicitFileType = wrapper.cfbundle; includeInIndex = 0; path = PDFReaderTests.xctest; sourceTree = BUILT_PRODUCTS_DIR; };
		B71D52C118CF0C2200C9C64A /* XCTest.framework */ = {isa = PBXFileReference; lastKnownFileType = wrapper.framework; name = XCTest.framework; path = Library/Frameworks/XCTest.framework; sourceTree = DEVELOPER_DIR; };
		B71D52C918CF0C2200C9C64A /* PDFReaderTests-Info.plist */ = {isa = PBXFileReference; lastKnownFileType = text.plist.xml; path = "PDFReaderTests-Info.plist"; sourceTree = "<group>"; };
		B71D52CB18CF0C2200C9C64A /* en */ = {isa = PBXFileReference; lastKnownFileType = text.plist.strings; name = en; path = en.lproj/InfoPlist.strings; sourceTree = "<group>"; };
		B71D52CD18CF0C2200C9C64A /* PDFReaderTests.m */ = {isa = PBXFileReference; lastKnownFileType = sourcecode.c.objc; path = PDFReaderTests.m; sourceTree = "<group>"; };
		B71D52D718CF0C4600C9C64A /* leaseagreement.pdf */ = {isa = PBXFileReference; lastKnownFileType = image.pdf; path = leaseagreement.pdf; sourceTree = "<group>"; };
		B78F382618FA801400994529 /* ReaderShadowView.h */ = {isa = PBXFileReference; fileEncoding = 4; lastKnownFileType = sourcecode.c.h; path = ReaderShadowView.h; sourceTree = "<group>"; };
		B78F382718FA801400994529 /* ReaderShadowView.m */ = {isa = PBXFileReference; fileEncoding = 4; lastKnownFileType = sourcecode.c.objc; path = ReaderShadowView.m; sourceTree = "<group>"; };
		B78F383218FC45F300994529 /* Annotation.h */ = {isa = PBXFileReference; fileEncoding = 4; lastKnownFileType = sourcecode.c.h; path = Annotation.h; sourceTree = "<group>"; };
		B78F383318FC45F300994529 /* Annotation.m */ = {isa = PBXFileReference; fileEncoding = 4; lastKnownFileType = sourcecode.c.objc; path = Annotation.m; sourceTree = "<group>"; };
		B78F383418FC45F300994529 /* AnnotationStore.h */ = {isa = PBXFileReference; fileEncoding = 4; lastKnownFileType = sourcecode.c.h; path = AnnotationStore.h; sourceTree = "<group>"; };
		B78F383518FC45F300994529 /* AnnotationStore.m */ = {isa = PBXFileReference; fileEncoding = 4; lastKnownFileType = sourcecode.c.objc; path = AnnotationStore.m; sourceTree = "<group>"; };
		B78F383618FC45F300994529 /* ReaderAnnotatedPageView.h */ = {isa = PBXFileReference; fileEncoding = 4; lastKnownFileType = sourcecode.c.h; path = ReaderAnnotatedPageView.h; sourceTree = "<group>"; };
		B78F383718FC45F300994529 /* ReaderAnnotatedPageView.m */ = {isa = PBXFileReference; fileEncoding = 4; lastKnownFileType = sourcecode.c.objc; path = ReaderAnnotatedPageView.m; sourceTree = "<group>"; };
		B78F383818FC45F300994529 /* ReaderAnnotationView.h */ = {isa = PBXFileReference; fileEncoding = 4; lastKnownFileType = sourcecode.c.h; path = ReaderAnnotationView.h; sourceTree = "<group>"; };
		B78F383918FC45F300994529 /* ReaderAnnotationView.m */ = {isa = PBXFileReference; fileEncoding = 4; lastKnownFileType = sourcecode.c.objc; path = ReaderAnnotationView.m; sourceTree = "<group>"; };
		B78F383A18FC45F300994529 /* ReaderScratchPadView.h */ = {isa = PBXFileReference; fileEncoding = 4; lastKnownFileType = sourcecode.c.h; path = ReaderScratchPadView.h; sourceTree = "<group>"; };
		B78F383B18FC45F300994529 /* ReaderScratchPadView.m */ = {isa = PBXFileReference; fileEncoding = 4; lastKnownFileType = sourcecode.c.objc; path = ReaderScratchPadView.m; sourceTree = "<group>"; };
		B7CA795D18EAAD6200FADC16 /* ReaderContentTile.h */ = {isa = PBXFileReference; fileEncoding = 4; lastKnownFileType = sourcecode.c.h; path = ReaderContentTile.h; sourceTree = "<group>"; };
		B7CA795E18EAAD6200FADC16 /* ReaderContentTile.m */ = {isa = PBXFileReference; fileEncoding = 4; lastKnownFileType = sourcecode.c.objc; path = ReaderContentTile.m; sourceTree = "<group>"; };
		B7CA796018EAADFD00FADC16 /* ReaderPageView.h */ = {isa = PBXFileReference; fileEncoding = 4; lastKnownFileType = sourcecode.c.h; path = ReaderPageView.h; sourceTree = "<group>"; };
		B7CA796118EAADFD00FADC16 /* ReaderPageView.m */ = {isa = PBXFileReference; fileEncoding = 4; lastKnownFileType = sourcecode.c.objc; path = ReaderPageView.m; sourceTree = "<group>"; };
		B7CA797418EAE83800FADC16 /* ReaderDocument.h */ = {isa = PBXFileReference; fileEncoding = 4; lastKnownFileType = sourcecode.c.h; path = ReaderDocument.h; sourceTree = "<group>"; };
		B7CA797518EAE83800FADC16 /* ReaderDocument.m */ = {isa = PBXFileReference; fileEncoding = 4; lastKnownFileType = sourcecode.c.objc; path = ReaderDocument.m; sourceTree = "<group>"; };
		B7CA797718EAED0E00FADC16 /* ReaderView.h */ = {isa = PBXFileReference; fileEncoding = 4; lastKnownFileType = sourcecode.c.h; path = ReaderView.h; sourceTree = "<group>"; };
		B7CA797818EAED0E00FADC16 /* ReaderView.m */ = {isa = PBXFileReference; fileEncoding = 4; lastKnownFileType = sourcecode.c.objc; path = ReaderView.m; sourceTree = "<group>"; };
		B7CA798218F2AA0D00FADC16 /* ReaderViewController.h */ = {isa = PBXFileReference; fileEncoding = 4; lastKnownFileType = sourcecode.c.h; path = ReaderViewController.h; sourceTree = "<group>"; };
		B7CA798318F2AA0D00FADC16 /* ReaderViewController.m */ = {isa = PBXFileReference; fileEncoding = 4; lastKnownFileType = sourcecode.c.objc; path = ReaderViewController.m; sourceTree = "<group>"; };
/* End PBXFileReference section */

/* Begin PBXFrameworksBuildPhase section */
		B71D529918CF0C2200C9C64A /* Frameworks */ = {
			isa = PBXFrameworksBuildPhase;
			buildActionMask = 2147483647;
			files = (
				B71D52A218CF0C2200C9C64A /* CoreGraphics.framework in Frameworks */,
				B71D52A418CF0C2200C9C64A /* UIKit.framework in Frameworks */,
				B71D52A018CF0C2200C9C64A /* Foundation.framework in Frameworks */,
			);
			runOnlyForDeploymentPostprocessing = 0;
		};
		B71D52BD18CF0C2200C9C64A /* Frameworks */ = {
			isa = PBXFrameworksBuildPhase;
			buildActionMask = 2147483647;
			files = (
				B71D52C218CF0C2200C9C64A /* XCTest.framework in Frameworks */,
				B71D52C418CF0C2200C9C64A /* UIKit.framework in Frameworks */,
				B71D52C318CF0C2200C9C64A /* Foundation.framework in Frameworks */,
			);
			runOnlyForDeploymentPostprocessing = 0;
		};
/* End PBXFrameworksBuildPhase section */

/* Begin PBXGroup section */
		B71D529318CF0C2200C9C64A = {
			isa = PBXGroup;
			children = (
				B71D52A518CF0C2200C9C64A /* PDFReader */,
				B71D52C718CF0C2200C9C64A /* PDFReaderTests */,
				B71D529E18CF0C2200C9C64A /* Frameworks */,
				B71D529D18CF0C2200C9C64A /* Products */,
			);
			sourceTree = "<group>";
		};
		B71D529D18CF0C2200C9C64A /* Products */ = {
			isa = PBXGroup;
			children = (
				B71D529C18CF0C2200C9C64A /* PDFReader.app */,
				B71D52C018CF0C2200C9C64A /* PDFReaderTests.xctest */,
			);
			name = Products;
			sourceTree = "<group>";
		};
		B71D529E18CF0C2200C9C64A /* Frameworks */ = {
			isa = PBXGroup;
			children = (
				B71D529F18CF0C2200C9C64A /* Foundation.framework */,
				B71D52A118CF0C2200C9C64A /* CoreGraphics.framework */,
				B71D52A318CF0C2200C9C64A /* UIKit.framework */,
				B71D52C118CF0C2200C9C64A /* XCTest.framework */,
			);
			name = Frameworks;
			sourceTree = "<group>";
		};
		B71D52A518CF0C2200C9C64A /* PDFReader */ = {
			isa = PBXGroup;
			children = (
				B71D52AE18CF0C2200C9C64A /* ReaderAppDelegate.h */,
				B71D52AF18CF0C2200C9C64A /* ReaderAppDelegate.m */,
				B7CA795C18EAAD6200FADC16 /* Reader */,
				B71D52BA18CF0C2200C9C64A /* Images.xcassets */,
				B71D52A618CF0C2200C9C64A /* Supporting Files */,
			);
			path = PDFReader;
			sourceTree = "<group>";
		};
		B71D52A618CF0C2200C9C64A /* Supporting Files */ = {
			isa = PBXGroup;
			children = (
				B71D52D718CF0C4600C9C64A /* leaseagreement.pdf */,
				B71D52A718CF0C2200C9C64A /* PDFReader-Info.plist */,
				B71D52A818CF0C2200C9C64A /* InfoPlist.strings */,
				B71D52AB18CF0C2200C9C64A /* main.m */,
				B71D52AD18CF0C2200C9C64A /* PDFReader-Prefix.pch */,
			);
			name = "Supporting Files";
			sourceTree = "<group>";
		};
		B71D52C718CF0C2200C9C64A /* PDFReaderTests */ = {
			isa = PBXGroup;
			children = (
				B71D52CD18CF0C2200C9C64A /* PDFReaderTests.m */,
				B71D52C818CF0C2200C9C64A /* Supporting Files */,
			);
			path = PDFReaderTests;
			sourceTree = "<group>";
		};
		B71D52C818CF0C2200C9C64A /* Supporting Files */ = {
			isa = PBXGroup;
			children = (
				B71D52C918CF0C2200C9C64A /* PDFReaderTests-Info.plist */,
				B71D52CA18CF0C2200C9C64A /* InfoPlist.strings */,
			);
			name = "Supporting Files";
			sourceTree = "<group>";
		};
		B78F383118FC45F300994529 /* Annotations */ = {
			isa = PBXGroup;
			children = (
				B78F383218FC45F300994529 /* Annotation.h */,
				B78F383318FC45F300994529 /* Annotation.m */,
				B78F383418FC45F300994529 /* AnnotationStore.h */,
				B78F383518FC45F300994529 /* AnnotationStore.m */,
				B78F383618FC45F300994529 /* ReaderAnnotatedPageView.h */,
				B78F383718FC45F300994529 /* ReaderAnnotatedPageView.m */,
				B78F383818FC45F300994529 /* ReaderAnnotationView.h */,
				B78F383918FC45F300994529 /* ReaderAnnotationView.m */,
				B78F383A18FC45F300994529 /* ReaderScratchPadView.h */,
				B78F383B18FC45F300994529 /* ReaderScratchPadView.m */,
			);
			path = Annotations;
			sourceTree = "<group>";
		};
		B7CA795C18EAAD6200FADC16 /* Reader */ = {
			isa = PBXGroup;
			children = (
				B7CA798218F2AA0D00FADC16 /* ReaderViewController.h */,
				B7CA798318F2AA0D00FADC16 /* ReaderViewController.m */,
				B7CA797718EAED0E00FADC16 /* ReaderView.h */,
				B7CA797818EAED0E00FADC16 /* ReaderView.m */,
				B78F382618FA801400994529 /* ReaderShadowView.h */,
				B78F382718FA801400994529 /* ReaderShadowView.m */,
				B7CA796018EAADFD00FADC16 /* ReaderPageView.h */,
				B7CA796118EAADFD00FADC16 /* ReaderPageView.m */,
				B7CA795D18EAAD6200FADC16 /* ReaderContentTile.h */,
				B7CA795E18EAAD6200FADC16 /* ReaderContentTile.m */,
				B78F383118FC45F300994529 /* Annotations */,
				B7CA796618EAAE5F00FADC16 /* Support */,
			);
			path = Reader;
			sourceTree = "<group>";
		};
		B7CA796618EAAE5F00FADC16 /* Support */ = {
			isa = PBXGroup;
			children = (
				B7CA797418EAE83800FADC16 /* ReaderDocument.h */,
				B7CA797518EAE83800FADC16 /* ReaderDocument.m */,
			);
			path = Support;
			sourceTree = "<group>";
		};
/* End PBXGroup section */

/* Begin PBXNativeTarget section */
		B71D529B18CF0C2200C9C64A /* PDFReader */ = {
			isa = PBXNativeTarget;
			buildConfigurationList = B71D52D118CF0C2200C9C64A /* Build configuration list for PBXNativeTarget "PDFReader" */;
			buildPhases = (
				B71D529818CF0C2200C9C64A /* Sources */,
				B71D529918CF0C2200C9C64A /* Frameworks */,
				B71D529A18CF0C2200C9C64A /* Resources */,
			);
			buildRules = (
			);
			dependencies = (
			);
			name = PDFReader;
			productName = PDFReader;
			productReference = B71D529C18CF0C2200C9C64A /* PDFReader.app */;
			productType = "com.apple.product-type.application";
		};
		B71D52BF18CF0C2200C9C64A /* PDFReaderTests */ = {
			isa = PBXNativeTarget;
			buildConfigurationList = B71D52D418CF0C2200C9C64A /* Build configuration list for PBXNativeTarget "PDFReaderTests" */;
			buildPhases = (
				B71D52BC18CF0C2200C9C64A /* Sources */,
				B71D52BD18CF0C2200C9C64A /* Frameworks */,
				B71D52BE18CF0C2200C9C64A /* Resources */,
			);
			buildRules = (
			);
			dependencies = (
				B71D52C618CF0C2200C9C64A /* PBXTargetDependency */,
			);
			name = PDFReaderTests;
			productName = PDFReaderTests;
			productReference = B71D52C018CF0C2200C9C64A /* PDFReaderTests.xctest */;
			productType = "com.apple.product-type.bundle.unit-test";
		};
/* End PBXNativeTarget section */

/* Begin PBXProject section */
		B71D529418CF0C2200C9C64A /* Project object */ = {
			isa = PBXProject;
			attributes = {
				CLASSPREFIX = Reader;
				LastUpgradeCheck = 0510;
				ORGANIZATIONNAME = "Vitaly Dyachkov";
				TargetAttributes = {
					B71D52BF18CF0C2200C9C64A = {
						TestTargetID = B71D529B18CF0C2200C9C64A;
					};
				};
			};
			buildConfigurationList = B71D529718CF0C2200C9C64A /* Build configuration list for PBXProject "PDFReader" */;
			compatibilityVersion = "Xcode 3.2";
			developmentRegion = English;
			hasScannedForEncodings = 0;
			knownRegions = (
				en,
				Base,
			);
			mainGroup = B71D529318CF0C2200C9C64A;
			productRefGroup = B71D529D18CF0C2200C9C64A /* Products */;
			projectDirPath = "";
			projectRoot = "";
			targets = (
				B71D529B18CF0C2200C9C64A /* PDFReader */,
				B71D52BF18CF0C2200C9C64A /* PDFReaderTests */,
			);
		};
/* End PBXProject section */

/* Begin PBXResourcesBuildPhase section */
		B71D529A18CF0C2200C9C64A /* Resources */ = {
			isa = PBXResourcesBuildPhase;
			buildActionMask = 2147483647;
			files = (
				B71D52D818CF0C4600C9C64A /* leaseagreement.pdf in Resources */,
				B71D52BB18CF0C2200C9C64A /* Images.xcassets in Resources */,
				B71D52AA18CF0C2200C9C64A /* InfoPlist.strings in Resources */,
			);
			runOnlyForDeploymentPostprocessing = 0;
		};
		B71D52BE18CF0C2200C9C64A /* Resources */ = {
			isa = PBXResourcesBuildPhase;
			buildActionMask = 2147483647;
			files = (
				B71D52CC18CF0C2200C9C64A /* InfoPlist.strings in Resources */,
			);
			runOnlyForDeploymentPostprocessing = 0;
		};
/* End PBXResourcesBuildPhase section */

/* Begin PBXSourcesBuildPhase section */
		B71D529818CF0C2200C9C64A /* Sources */ = {
			isa = PBXSourcesBuildPhase;
			buildActionMask = 2147483647;
			files = (
				B78F384018FC45F300994529 /* ReaderScratchPadView.m in Sources */,
				B78F382818FA801400994529 /* ReaderShadowView.m in Sources */,
				B78F383E18FC45F300994529 /* ReaderAnnotatedPageView.m in Sources */,
				B78F383F18FC45F300994529 /* ReaderAnnotationView.m in Sources */,
				B7CA796218EAADFD00FADC16 /* ReaderPageView.m in Sources */,
				B7CA798418F2AA0D00FADC16 /* ReaderViewController.m in Sources */,
				B78F383C18FC45F300994529 /* Annotation.m in Sources */,
				B7CA797918EAED0E00FADC16 /* ReaderView.m in Sources */,
				B7CA797618EAE83800FADC16 /* ReaderDocument.m in Sources */,
				B78F383D18FC45F300994529 /* AnnotationStore.m in Sources */,
				B71D52AC18CF0C2200C9C64A /* main.m in Sources */,
				B7CA795F18EAAD6200FADC16 /* ReaderContentTile.m in Sources */,
				B71D52B018CF0C2200C9C64A /* ReaderAppDelegate.m in Sources */,
			);
			runOnlyForDeploymentPostprocessing = 0;
		};
		B71D52BC18CF0C2200C9C64A /* Sources */ = {
			isa = PBXSourcesBuildPhase;
			buildActionMask = 2147483647;
			files = (
				B71D52CE18CF0C2200C9C64A /* PDFReaderTests.m in Sources */,
			);
			runOnlyForDeploymentPostprocessing = 0;
		};
/* End PBXSourcesBuildPhase section */

/* Begin PBXTargetDependency section */
		B71D52C618CF0C2200C9C64A /* PBXTargetDependency */ = {
			isa = PBXTargetDependency;
			target = B71D529B18CF0C2200C9C64A /* PDFReader */;
			targetProxy = B71D52C518CF0C2200C9C64A /* PBXContainerItemProxy */;
		};
/* End PBXTargetDependency section */

/* Begin PBXVariantGroup section */
		B71D52A818CF0C2200C9C64A /* InfoPlist.strings */ = {
			isa = PBXVariantGroup;
			children = (
				B71D52A918CF0C2200C9C64A /* en */,
			);
			name = InfoPlist.strings;
			sourceTree = "<group>";
		};
		B71D52CA18CF0C2200C9C64A /* InfoPlist.strings */ = {
			isa = PBXVariantGroup;
			children = (
				B71D52CB18CF0C2200C9C64A /* en */,
			);
			name = InfoPlist.strings;
			sourceTree = "<group>";
		};
/* End PBXVariantGroup section */

/* Begin XCBuildConfiguration section */
		B71D52CF18CF0C2200C9C64A /* Debug */ = {
			isa = XCBuildConfiguration;
			buildSettings = {
				ALWAYS_SEARCH_USER_PATHS = NO;
				CLANG_CXX_LANGUAGE_STANDARD = "gnu++0x";
				CLANG_CXX_LIBRARY = "libc++";
				CLANG_ENABLE_MODULES = YES;
				CLANG_ENABLE_OBJC_ARC = YES;
				CLANG_WARN_BOOL_CONVERSION = YES;
				CLANG_WARN_CONSTANT_CONVERSION = YES;
				CLANG_WARN_DIRECT_OBJC_ISA_USAGE = YES_ERROR;
				CLANG_WARN_EMPTY_BODY = YES;
				CLANG_WARN_ENUM_CONVERSION = YES;
				CLANG_WARN_INT_CONVERSION = YES;
				CLANG_WARN_OBJC_ROOT_CLASS = YES_ERROR;
				CLANG_WARN__DUPLICATE_METHOD_MATCH = YES;
				"CODE_SIGN_IDENTITY[sdk=iphoneos*]" = "iPhone Developer";
				COPY_PHASE_STRIP = NO;
				GCC_C_LANGUAGE_STANDARD = gnu99;
				GCC_DYNAMIC_NO_PIC = NO;
				GCC_OPTIMIZATION_LEVEL = 0;
				GCC_PREPROCESSOR_DEFINITIONS = (
					"DEBUG=1",
					"$(inherited)",
				);
				GCC_SYMBOLS_PRIVATE_EXTERN = NO;
				GCC_WARN_64_TO_32_BIT_CONVERSION = YES;
				GCC_WARN_ABOUT_RETURN_TYPE = YES_ERROR;
				GCC_WARN_UNDECLARED_SELECTOR = YES;
				GCC_WARN_UNINITIALIZED_AUTOS = YES_AGGRESSIVE;
				GCC_WARN_UNUSED_FUNCTION = YES;
				GCC_WARN_UNUSED_VARIABLE = YES;
				IPHONEOS_DEPLOYMENT_TARGET = 7.1;
				ONLY_ACTIVE_ARCH = YES;
				SDKROOT = iphoneos;
				TARGETED_DEVICE_FAMILY = "1,2";
			};
			name = Debug;
		};
		B71D52D018CF0C2200C9C64A /* Release */ = {
			isa = XCBuildConfiguration;
			buildSettings = {
				ALWAYS_SEARCH_USER_PATHS = NO;
				CLANG_CXX_LANGUAGE_STANDARD = "gnu++0x";
				CLANG_CXX_LIBRARY = "libc++";
				CLANG_ENABLE_MODULES = YES;
				CLANG_ENABLE_OBJC_ARC = YES;
				CLANG_WARN_BOOL_CONVERSION = YES;
				CLANG_WARN_CONSTANT_CONVERSION = YES;
				CLANG_WARN_DIRECT_OBJC_ISA_USAGE = YES_ERROR;
				CLANG_WARN_EMPTY_BODY = YES;
				CLANG_WARN_ENUM_CONVERSION = YES;
				CLANG_WARN_INT_CONVERSION = YES;
				CLANG_WARN_OBJC_ROOT_CLASS = YES_ERROR;
				CLANG_WARN__DUPLICATE_METHOD_MATCH = YES;
				"CODE_SIGN_IDENTITY[sdk=iphoneos*]" = "iPhone Developer";
				COPY_PHASE_STRIP = YES;
				ENABLE_NS_ASSERTIONS = NO;
				GCC_C_LANGUAGE_STANDARD = gnu99;
				GCC_WARN_64_TO_32_BIT_CONVERSION = YES;
				GCC_WARN_ABOUT_RETURN_TYPE = YES_ERROR;
				GCC_WARN_UNDECLARED_SELECTOR = YES;
				GCC_WARN_UNINITIALIZED_AUTOS = YES_AGGRESSIVE;
				GCC_WARN_UNUSED_FUNCTION = YES;
				GCC_WARN_UNUSED_VARIABLE = YES;
				IPHONEOS_DEPLOYMENT_TARGET = 7.1;
				SDKROOT = iphoneos;
				TARGETED_DEVICE_FAMILY = "1,2";
				VALIDATE_PRODUCT = YES;
			};
			name = Release;
		};
		B71D52D218CF0C2200C9C64A /* Debug */ = {
			isa = XCBuildConfiguration;
			buildSettings = {
				ASSETCATALOG_COMPILER_APPICON_NAME = AppIcon;
				ASSETCATALOG_COMPILER_LAUNCHIMAGE_NAME = LaunchImage;
				GCC_PRECOMPILE_PREFIX_HEADER = YES;
				GCC_PREFIX_HEADER = "PDFReader/PDFReader-Prefix.pch";
				INFOPLIST_FILE = "PDFReader/PDFReader-Info.plist";
				IPHONEOS_DEPLOYMENT_TARGET = 7.0;
				PRODUCT_NAME = "$(TARGET_NAME)";
				TARGETED_DEVICE_FAMILY = 2;
				WRAPPER_EXTENSION = app;
			};
			name = Debug;
		};
		B71D52D318CF0C2200C9C64A /* Release */ = {
			isa = XCBuildConfiguration;
			buildSettings = {
				ASSETCATALOG_COMPILER_APPICON_NAME = AppIcon;
				ASSETCATALOG_COMPILER_LAUNCHIMAGE_NAME = LaunchImage;
				GCC_PRECOMPILE_PREFIX_HEADER = YES;
				GCC_PREFIX_HEADER = "PDFReader/PDFReader-Prefix.pch";
				INFOPLIST_FILE = "PDFReader/PDFReader-Info.plist";
				IPHONEOS_DEPLOYMENT_TARGET = 7.0;
				PRODUCT_NAME = "$(TARGET_NAME)";
				TARGETED_DEVICE_FAMILY = 2;
				WRAPPER_EXTENSION = app;
			};
			name = Release;
		};
		B71D52D518CF0C2200C9C64A /* Debug */ = {
			isa = XCBuildConfiguration;
			buildSettings = {
				BUNDLE_LOADER = "$(BUILT_PRODUCTS_DIR)/PDFReader.app/PDFReader";
				FRAMEWORK_SEARCH_PATHS = (
					"$(SDKROOT)/Developer/Library/Frameworks",
					"$(inherited)",
					"$(DEVELOPER_FRAMEWORKS_DIR)",
				);
				GCC_PRECOMPILE_PREFIX_HEADER = YES;
				GCC_PREFIX_HEADER = "PDFReader/PDFReader-Prefix.pch";
				GCC_PREPROCESSOR_DEFINITIONS = (
					"DEBUG=1",
					"$(inherited)",
				);
				INFOPLIST_FILE = "PDFReaderTests/PDFReaderTests-Info.plist";
				PRODUCT_NAME = "$(TARGET_NAME)";
				TEST_HOST = "$(BUNDLE_LOADER)";
				WRAPPER_EXTENSION = xctest;
			};
			name = Debug;
		};
		B71D52D618CF0C2200C9C64A /* Release */ = {
			isa = XCBuildConfiguration;
			buildSettings = {
				BUNDLE_LOADER = "$(BUILT_PRODUCTS_DIR)/PDFReader.app/PDFReader";
				FRAMEWORK_SEARCH_PATHS = (
					"$(SDKROOT)/Developer/Library/Frameworks",
					"$(inherited)",
					"$(DEVELOPER_FRAMEWORKS_DIR)",
				);
				GCC_PRECOMPILE_PREFIX_HEADER = YES;
				GCC_PREFIX_HEADER = "PDFReader/PDFReader-Prefix.pch";
				INFOPLIST_FILE = "PDFReaderTests/PDFReaderTests-Info.plist";
				PRODUCT_NAME = "$(TARGET_NAME)";
				TEST_HOST = "$(BUNDLE_LOADER)";
				WRAPPER_EXTENSION = xctest;
			};
			name = Release;
		};
/* End XCBuildConfiguration section */

/* Begin XCConfigurationList section */
		B71D529718CF0C2200C9C64A /* Build configuration list for PBXProject "PDFReader" */ = {
			isa = XCConfigurationList;
			buildConfigurations = (
				B71D52CF18CF0C2200C9C64A /* Debug */,
				B71D52D018CF0C2200C9C64A /* Release */,
			);
			defaultConfigurationIsVisible = 0;
			defaultConfigurationName = Release;
		};
		B71D52D118CF0C2200C9C64A /* Build configuration list for PBXNativeTarget "PDFReader" */ = {
			isa = XCConfigurationList;
			buildConfigurations = (
				B71D52D218CF0C2200C9C64A /* Debug */,
				B71D52D318CF0C2200C9C64A /* Release */,
			);
			defaultConfigurationIsVisible = 0;
			defaultConfigurationName = Release;
		};
		B71D52D418CF0C2200C9C64A /* Build configuration list for PBXNativeTarget "PDFReaderTests" */ = {
			isa = XCConfigurationList;
			buildConfigurations = (
				B71D52D518CF0C2200C9C64A /* Debug */,
				B71D52D618CF0C2200C9C64A /* Release */,
			);
			defaultConfigurationIsVisible = 0;
			defaultConfigurationName = Release;
		};
/* End XCConfigurationList section */
	};
	rootObject = B71D529418CF0C2200C9C64A /* Project object */;
}
